
Microsoft Visual Studio Solution File, Format Version 12.00
# Visual Studio 15
VisualStudioVersion = 15.0.28307.1259
MinimumVisualStudioVersion = 10.0.40219.1
Project("{8BC9CEB8-8B4A-11D0-8D11-00A0C91BC942}") = "AlbumTracker", "AlbumTracker\AlbumTracker.vcxproj", "{ECF2FAB2-1139-4604-B028-F3B2775F91CA}"
EndProject
Global
	GlobalSection(SolutionConfigurationPlatforms) = preSolution
		Debug|x64 = Debug|x64
		Debug|x86 = Debug|x86
		Release|x64 = Release|x64
		Release|x86 = Release|x86
	EndGlobalSection
	GlobalSection(ProjectConfigurationPlatforms) = postSolution
		{ECF2FAB2-1139-4604-B028-F3B2775F91CA}.Debug|x64.ActiveCfg = Debug|x64
		{ECF2FAB2-1139-4604-B028-F3B2775F91CA}.Debug|x64.Build.0 = Debug|x64
		{ECF2FAB2-1139-4604-B028-F3B2775F91CA}.Debug|x86.ActiveCfg = Debug|Win32
		{ECF2FAB2-1139-4604-B028-F3B2775F91CA}.Debug|x86.Build.0 = Debug|Win32
		{ECF2FAB2-1139-4604-B028-F3B2775F91CA}.Release|x64.ActiveCfg = Release|x64
		{ECF2FAB2-1139-4604-B028-F3B2775F91CA}.Release|x64.Build.0 = Release|x64
		{ECF2FAB2-1139-4604-B028-F3B2775F91CA}.Release|x86.ActiveCfg = Release|Win32
		{ECF2FAB2-1139-4604-B028-F3B2775F91CA}.Release|x86.Build.0 = Release|Win32
	EndGlobalSection
	GlobalSection(SolutionProperties) = preSolution
		HideSolutionNode = FALSE
	EndGlobalSection
	GlobalSection(ExtensibilityGlobals) = postSolution
		SolutionGuid = {963AEDB0-0AFA-4D48-BD50-E549865EED2E}
	EndGlobalSection
EndGlobal
